
Microsoft Visual Studio Solution File, Format Version 11.00
# Visual Studio 2010
Project("{FAE04EC0-301F-11D3-BF4B-00C04F79EFBC}") = "Variety", "Variety.csproj", "{FE298522-EF8B-A703-F4D5-6BA73C906BAD}"
EndProject
Project("{FAE04EC0-301F-11D3-BF4B-00C04F79EFBC}") = "Variety-Editor", "Variety-Editor.csproj", "{499BE7EE-039C-28CE-8199-E117C51AA697}"
EndProject
Global
	GlobalSection(SolutionConfigurationPlatforms) = preSolution
		Debug|Any CPU = Debug|Any CPU
		Release|Any CPU = Release|Any CPU
	EndGlobalSection
	GlobalSection(ProjectConfigurationPlatforms) = postSolution
		{FE298522-EF8B-A703-F4D5-6BA73C906BAD}.Debug|Any CPU.ActiveCfg = Debug|Any CPU
		{FE298522-EF8B-A703-F4D5-6BA73C906BAD}.Debug|Any CPU.Build.0 = Debug|Any CPU
		{FE298522-EF8B-A703-F4D5-6BA73C906BAD}.Release|Any CPU.ActiveCfg = Release|Any CPU
		{FE298522-EF8B-A703-F4D5-6BA73C906BAD}.Release|Any CPU.Build.0 = Release|Any CPU
		{499BE7EE-039C-28CE-8199-E117C51AA697}.Debug|Any CPU.ActiveCfg = Debug|Any CPU
		{499BE7EE-039C-28CE-8199-E117C51AA697}.Debug|Any CPU.Build.0 = Debug|Any CPU
		{499BE7EE-039C-28CE-8199-E117C51AA697}.Release|Any CPU.ActiveCfg = Release|Any CPU
		{499BE7EE-039C-28CE-8199-E117C51AA697}.Release|Any CPU.Build.0 = Release|Any CPU
	EndGlobalSection
	GlobalSection(SolutionProperties) = preSolution
		HideSolutionNode = FALSE
	EndGlobalSection
	GlobalSection(MonoDevelopProperties) = preSolution
		StartupItem = Assembly-CSharp.csproj
	EndGlobalSection
EndGlobal
